// !$*UTF8*$!
{
	archiveVersion = 1;
	classes = {
	};
	objectVersion = 56;
	objects = {

/* Begin PBXBuildFile section */
		238DEE282CEE29A8000CEC60 /* UserProfileViewModel.swift in Sources */ = {isa = PBXBuildFile; fileRef = 238DEE272CEE29A8000CEC60 /* UserProfileViewModel.swift */; };
		238DEE2A2CEE29D2000CEC60 /* NetworkService.swift in Sources */ = {isa = PBXBuildFile; fileRef = 238DEE292CEE29D2000CEC60 /* NetworkService.swift */; };
		238DEE2F2CEE2C8D000CEC60 /* UserProfileView.swift in Sources */ = {isa = PBXBuildFile; fileRef = 238DEE2E2CEE2C8D000CEC60 /* UserProfileView.swift */; };
		238DEE312CEE2E63000CEC60 /* UserRequest.swift in Sources */ = {isa = PBXBuildFile; fileRef = 238DEE302CEE2E63000CEC60 /* UserRequest.swift */; };
		238DEE352CEE2E9D000CEC60 /* User.swift in Sources */ = {isa = PBXBuildFile; fileRef = 238DEE342CEE2E9D000CEC60 /* User.swift */; };
		23B0AB092CEDE79D003F8C35 /* PATApp.swift in Sources */ = {isa = PBXBuildFile; fileRef = 23B0AB082CEDE79D003F8C35 /* PATApp.swift */; };
		23B0AB0B2CEDE79D003F8C35 /* ContentView.swift in Sources */ = {isa = PBXBuildFile; fileRef = 23B0AB0A2CEDE79D003F8C35 /* ContentView.swift */; };
		23B0AB0D2CEDE7A0003F8C35 /* Assets.xcassets in Resources */ = {isa = PBXBuildFile; fileRef = 23B0AB0C2CEDE7A0003F8C35 /* Assets.xcassets */; };
		23B0AB102CEDE7A0003F8C35 /* Preview Assets.xcassets in Resources */ = {isa = PBXBuildFile; fileRef = 23B0AB0F2CEDE7A0003F8C35 /* Preview Assets.xcassets */; };
/* End PBXBuildFile section */

/* Begin PBXFileReference section */
		238DEE272CEE29A8000CEC60 /* UserProfileViewModel.swift */ = {isa = PBXFileReference; lastKnownFileType = sourcecode.swift; path = UserProfileViewModel.swift; sourceTree = "<group>"; };
		238DEE292CEE29D2000CEC60 /* NetworkService.swift */ = {isa = PBXFileReference; lastKnownFileType = sourcecode.swift; path = NetworkService.swift; sourceTree = "<group>"; };
		238DEE2E2CEE2C8D000CEC60 /* UserProfileView.swift */ = {isa = PBXFileReference; lastKnownFileType = sourcecode.swift; path = UserProfileView.swift; sourceTree = "<group>"; };
		238DEE302CEE2E63000CEC60 /* UserRequest.swift */ = {isa = PBXFileReference; lastKnownFileType = sourcecode.swift; path = UserRequest.swift; sourceTree = "<group>"; };
		238DEE342CEE2E9D000CEC60 /* User.swift */ = {isa = PBXFileReference; lastKnownFileType = sourcecode.swift; path = User.swift; sourceTree = "<group>"; };
		23B0AB052CEDE79D003F8C35 /* PAT.app */ = {isa = PBXFileReference; explicitFileType = wrapper.application; includeInIndex = 0; path = PAT.app; sourceTree = BUILT_PRODUCTS_DIR; };
		23B0AB082CEDE79D003F8C35 /* PATApp.swift */ = {isa = PBXFileReference; lastKnownFileType = sourcecode.swift; path = PATApp.swift; sourceTree = "<group>"; };
		23B0AB0A2CEDE79D003F8C35 /* ContentView.swift */ = {isa = PBXFileReference; lastKnownFileType = sourcecode.swift; path = ContentView.swift; sourceTree = "<group>"; };
		23B0AB0C2CEDE7A0003F8C35 /* Assets.xcassets */ = {isa = PBXFileReference; lastKnownFileType = folder.assetcatalog; path = Assets.xcassets; sourceTree = "<group>"; };
		23B0AB0F2CEDE7A0003F8C35 /* Preview Assets.xcassets */ = {isa = PBXFileReference; lastKnownFileType = folder.assetcatalog; path = "Preview Assets.xcassets"; sourceTree = "<group>"; };
/* End PBXFileReference section */

/* Begin PBXFrameworksBuildPhase section */
		23B0AB022CEDE79D003F8C35 /* Frameworks */ = {
			isa = PBXFrameworksBuildPhase;
			buildActionMask = 2147483647;
			files = (
			);
			runOnlyForDeploymentPostprocessing = 0;
		};
/* End PBXFrameworksBuildPhase section */

/* Begin PBXGroup section */
		238DEE2B2CEE2C30000CEC60 /* Features */ = {
			isa = PBXGroup;
			children = (
				238DEE2D2CEE2C66000CEC60 /* UserProfile */,
			);
			path = Features;
			sourceTree = "<group>";
		};
		238DEE2C2CEE2C44000CEC60 /* Common */ = {
			isa = PBXGroup;
			children = (
				238DEE332CEE2E94000CEC60 /* Entity */,
				238DEE322CEE2E6A000CEC60 /* Network */,
			);
			path = Common;
			sourceTree = "<group>";
		};
		238DEE2D2CEE2C66000CEC60 /* UserProfile */ = {
			isa = PBXGroup;
			children = (
				238DEE272CEE29A8000CEC60 /* UserProfileViewModel.swift */,
				238DEE2E2CEE2C8D000CEC60 /* UserProfileView.swift */,
			);
			path = UserProfile;
			sourceTree = "<group>";
		};
		238DEE322CEE2E6A000CEC60 /* Network */ = {
			isa = PBXGroup;
			children = (
				238DEE292CEE29D2000CEC60 /* NetworkService.swift */,
				238DEE302CEE2E63000CEC60 /* UserRequest.swift */,
			);
			path = Network;
			sourceTree = "<group>";
		};
		238DEE332CEE2E94000CEC60 /* Entity */ = {
			isa = PBXGroup;
			children = (
				238DEE342CEE2E9D000CEC60 /* User.swift */,
			);
			path = Entity;
			sourceTree = "<group>";
		};
		23B0AAFC2CEDE79D003F8C35 = {
			isa = PBXGroup;
			children = (
				23B0AB072CEDE79D003F8C35 /* PAT */,
				23B0AB062CEDE79D003F8C35 /* Products */,
			);
			sourceTree = "<group>";
		};
		23B0AB062CEDE79D003F8C35 /* Products */ = {
			isa = PBXGroup;
			children = (
				23B0AB052CEDE79D003F8C35 /* PAT.app */,
			);
			name = Products;
			sourceTree = "<group>";
		};
		23B0AB072CEDE79D003F8C35 /* PAT */ = {
			isa = PBXGroup;
			children = (
				23B0AB082CEDE79D003F8C35 /* PATApp.swift */,
				23B0AB0A2CEDE79D003F8C35 /* ContentView.swift */,
				238DEE2C2CEE2C44000CEC60 /* Common */,
				238DEE2B2CEE2C30000CEC60 /* Features */,
				23B0AB0C2CEDE7A0003F8C35 /* Assets.xcassets */,
				23B0AB0E2CEDE7A0003F8C35 /* Preview Content */,
			);
			path = PAT;
			sourceTree = "<group>";
		};
		23B0AB0E2CEDE7A0003F8C35 /* Preview Content */ = {
			isa = PBXGroup;
			children = (
				23B0AB0F2CEDE7A0003F8C35 /* Preview Assets.xcassets */,
			);
			path = "Preview Content";
			sourceTree = "<group>";
		};
/* End PBXGroup section */

/* Begin PBXNativeTarget section */
		23B0AB042CEDE79D003F8C35 /* PAT */ = {
			isa = PBXNativeTarget;
			buildConfigurationList = 23B0AB132CEDE7A0003F8C35 /* Build configuration list for PBXNativeTarget "PAT" */;
			buildPhases = (
				23B0AB012CEDE79D003F8C35 /* Sources */,
				23B0AB022CEDE79D003F8C35 /* Frameworks */,
				23B0AB032CEDE79D003F8C35 /* Resources */,
			);
			buildRules = (
			);
			dependencies = (
			);
			name = PAT;
			productName = PAT;
			productReference = 23B0AB052CEDE79D003F8C35 /* PAT.app */;
			productType = "com.apple.product-type.application";
		};
/* End PBXNativeTarget section */

/* Begin PBXProject section */
		23B0AAFD2CEDE79D003F8C35 /* Project object */ = {
			isa = PBXProject;
			attributes = {
				BuildIndependentTargetsInParallel = 1;
				LastSwiftUpdateCheck = 1540;
				LastUpgradeCheck = 1540;
				TargetAttributes = {
					23B0AB042CEDE79D003F8C35 = {
						CreatedOnToolsVersion = 15.4;
					};
				};
			};
			buildConfigurationList = 23B0AB002CEDE79D003F8C35 /* Build configuration list for PBXProject "PAT" */;
			compatibilityVersion = "Xcode 14.0";
			developmentRegion = en;
			hasScannedForEncodings = 0;
			knownRegions = (
				en,
				Base,
			);
			mainGroup = 23B0AAFC2CEDE79D003F8C35;
			productRefGroup = 23B0AB062CEDE79D003F8C35 /* Products */;
			projectDirPath = "";
			projectRoot = "";
			targets = (
				23B0AB042CEDE79D003F8C35 /* PAT */,
			);
		};
/* End PBXProject section */

/* Begin PBXResourcesBuildPhase section */
		23B0AB032CEDE79D003F8C35 /* Resources */ = {
			isa = PBXResourcesBuildPhase;
			buildActionMask = 2147483647;
			files = (
				23B0AB102CEDE7A0003F8C35 /* Preview Assets.xcassets in Resources */,
				23B0AB0D2CEDE7A0003F8C35 /* Assets.xcassets in Resources */,
			);
			runOnlyForDeploymentPostprocessing = 0;
		};
/* End PBXResourcesBuildPhase section */

/* Begin PBXSourcesBuildPhase section */
		23B0AB012CEDE79D003F8C35 /* Sources */ = {
			isa = PBXSourcesBuildPhase;
			buildActionMask = 2147483647;
			files = (
				23B0AB0B2CEDE79D003F8C35 /* ContentView.swift in Sources */,
				238DEE2F2CEE2C8D000CEC60 /* UserProfileView.swift in Sources */,
				238DEE282CEE29A8000CEC60 /* UserProfileViewModel.swift in Sources */,
				238DEE352CEE2E9D000CEC60 /* User.swift in Sources */,
				238DEE2A2CEE29D2000CEC60 /* NetworkService.swift in Sources */,
				23B0AB092CEDE79D003F8C35 /* PATApp.swift in Sources */,
				238DEE312CEE2E63000CEC60 /* UserRequest.swift in Sources */,
			);
			runOnlyForDeploymentPostprocessing = 0;
		};
/* End PBXSourcesBuildPhase section */

/* Begin XCBuildConfiguration section */
		23B0AB112CEDE7A0003F8C35 /* Debug */ = {
			isa = XCBuildConfiguration;
			buildSettings = {
				ALWAYS_SEARCH_USER_PATHS = NO;
				ASSETCATALOG_COMPILER_GENERATE_SWIFT_ASSET_SYMBOL_EXTENSIONS = YES;
				CLANG_ANALYZER_NONNULL = YES;
				CLANG_ANALYZER_NUMBER_OBJECT_CONVERSION = YES_AGGRESSIVE;
				CLANG_CXX_LANGUAGE_STANDARD = "gnu++20";
				CLANG_ENABLE_MODULES = YES;
				CLANG_ENABLE_OBJC_ARC = YES;
				CLANG_ENABLE_OBJC_WEAK = YES;
				CLANG_WARN_BLOCK_CAPTURE_AUTORELEASING = YES;
				CLANG_WARN_BOOL_CONVERSION = YES;
				CLANG_WARN_COMMA = YES;
				CLANG_WARN_CONSTANT_CONVERSION = YES;
				CLANG_WARN_DEPRECATED_OBJC_IMPLEMENTATIONS = YES;
				CLANG_WARN_DIRECT_OBJC_ISA_USAGE = YES_ERROR;
				CLANG_WARN_DOCUMENTATION_COMMENTS = YES;
				CLANG_WARN_EMPTY_BODY = YES;
				CLANG_WARN_ENUM_CONVERSION = YES;
				CLANG_WARN_INFINITE_RECURSION = YES;
				CLANG_WARN_INT_CONVERSION = YES;
				CLANG_WARN_NON_LITERAL_NULL_CONVERSION = YES;
				CLANG_WARN_OBJC_IMPLICIT_RETAIN_SELF = YES;
				CLANG_WARN_OBJC_LITERAL_CONVERSION = YES;
				CLANG_WARN_OBJC_ROOT_CLASS = YES_ERROR;
				CLANG_WARN_QUOTED_INCLUDE_IN_FRAMEWORK_HEADER = YES;
				CLANG_WARN_RANGE_LOOP_ANALYSIS = YES;
				CLANG_WARN_STRICT_PROTOTYPES = YES;
				CLANG_WARN_SUSPICIOUS_MOVE = YES;
				CLANG_WARN_UNGUARDED_AVAILABILITY = YES_AGGRESSIVE;
				CLANG_WARN_UNREACHABLE_CODE = YES;
				CLANG_WARN__DUPLICATE_METHOD_MATCH = YES;
				COPY_PHASE_STRIP = NO;
				DEBUG_INFORMATION_FORMAT = dwarf;
				ENABLE_STRICT_OBJC_MSGSEND = YES;
				ENABLE_TESTABILITY = YES;
				ENABLE_USER_SCRIPT_SANDBOXING = YES;
				GCC_C_LANGUAGE_STANDARD = gnu17;
				GCC_DYNAMIC_NO_PIC = NO;
				GCC_NO_COMMON_BLOCKS = YES;
				GCC_OPTIMIZATION_LEVEL = 0;
				GCC_PREPROCESSOR_DEFINITIONS = (
					"DEBUG=1",
					"$(inherited)",
				);
				GCC_WARN_64_TO_32_BIT_CONVERSION = YES;
				GCC_WARN_ABOUT_RETURN_TYPE = YES_ERROR;
				GCC_WARN_UNDECLARED_SELECTOR = YES;
				GCC_WARN_UNINITIALIZED_AUTOS = YES_AGGRESSIVE;
				GCC_WARN_UNUSED_FUNCTION = YES;
				GCC_WARN_UNUSED_VARIABLE = YES;
				IPHONEOS_DEPLOYMENT_TARGET = 17.5;
				LOCALIZATION_PREFERS_STRING_CATALOGS = YES;
				MTL_ENABLE_DEBUG_INFO = INCLUDE_SOURCE;
				MTL_FAST_MATH = YES;
				ONLY_ACTIVE_ARCH = YES;
				SDKROOT = iphoneos;
				SWIFT_ACTIVE_COMPILATION_CONDITIONS = "DEBUG $(inherited)";
				SWIFT_OPTIMIZATION_LEVEL = "-Onone";
			};
			name = Debug;
		};
		23B0AB122CEDE7A0003F8C35 /* Release */ = {
			isa = XCBuildConfiguration;
			buildSettings = {
				ALWAYS_SEARCH_USER_PATHS = NO;
				ASSETCATALOG_COMPILER_GENERATE_SWIFT_ASSET_SYMBOL_EXTENSIONS = YES;
				CLANG_ANALYZER_NONNULL = YES;
				CLANG_ANALYZER_NUMBER_OBJECT_CONVERSION = YES_AGGRESSIVE;
				CLANG_CXX_LANGUAGE_STANDARD = "gnu++20";
				CLANG_ENABLE_MODULES = YES;
				CLANG_ENABLE_OBJC_ARC = YES;
				CLANG_ENABLE_OBJC_WEAK = YES;
				CLANG_WARN_BLOCK_CAPTURE_AUTORELEASING = YES;
				CLANG_WARN_BOOL_CONVERSION = YES;
				CLANG_WARN_COMMA = YES;
				CLANG_WARN_CONSTANT_CONVERSION = YES;
				CLANG_WARN_DEPRECATED_OBJC_IMPLEMENTATIONS = YES;
				CLANG_WARN_DIRECT_OBJC_ISA_USAGE = YES_ERROR;
				CLANG_WARN_DOCUMENTATION_COMMENTS = YES;
				CLANG_WARN_EMPTY_BODY = YES;
				CLANG_WARN_ENUM_CONVERSION = YES;
				CLANG_WARN_INFINITE_RECURSION = YES;
				CLANG_WARN_INT_CONVERSION = YES;
				CLANG_WARN_NON_LITERAL_NULL_CONVERSION = YES;
				CLANG_WARN_OBJC_IMPLICIT_RETAIN_SELF = YES;
				CLANG_WARN_OBJC_LITERAL_CONVERSION = YES;
				CLANG_WARN_OBJC_ROOT_CLASS = YES_ERROR;
				CLANG_WARN_QUOTED_INCLUDE_IN_FRAMEWORK_HEADER = YES;
				CLANG_WARN_RANGE_LOOP_ANALYSIS = YES;
				CLANG_WARN_STRICT_PROTOTYPES = YES;
				CLANG_WARN_SUSPICIOUS_MOVE = YES;
				CLANG_WARN_UNGUARDED_AVAILABILITY = YES_AGGRESSIVE;
				CLANG_WARN_UNREACHABLE_CODE = YES;
				CLANG_WARN__DUPLICATE_METHOD_MATCH = YES;
				COPY_PHASE_STRIP = NO;
				DEBUG_INFORMATION_FORMAT = "dwarf-with-dsym";
				ENABLE_NS_ASSERTIONS = NO;
				ENABLE_STRICT_OBJC_MSGSEND = YES;
				ENABLE_USER_SCRIPT_SANDBOXING = YES;
				GCC_C_LANGUAGE_STANDARD = gnu17;
				GCC_NO_COMMON_BLOCKS = YES;
				GCC_WARN_64_TO_32_BIT_CONVERSION = YES;
				GCC_WARN_ABOUT_RETURN_TYPE = YES_ERROR;
				GCC_WARN_UNDECLARED_SELECTOR = YES;
				GCC_WARN_UNINITIALIZED_AUTOS = YES_AGGRESSIVE;
				GCC_WARN_UNUSED_FUNCTION = YES;
				GCC_WARN_UNUSED_VARIABLE = YES;
				IPHONEOS_DEPLOYMENT_TARGET = 17.5;
				LOCALIZATION_PREFERS_STRING_CATALOGS = YES;
				MTL_ENABLE_DEBUG_INFO = NO;
				MTL_FAST_MATH = YES;
				SDKROOT = iphoneos;
				SWIFT_COMPILATION_MODE = wholemodule;
				VALIDATE_PRODUCT = YES;
			};
			name = Release;
		};
		23B0AB142CEDE7A0003F8C35 /* Debug */ = {
			isa = XCBuildConfiguration;
			buildSettings = {
				ASSETCATALOG_COMPILER_APPICON_NAME = AppIcon;
				ASSETCATALOG_COMPILER_GLOBAL_ACCENT_COLOR_NAME = AccentColor;
				CODE_SIGN_STYLE = Automatic;
				CURRENT_PROJECT_VERSION = 1;
				DEVELOPMENT_ASSET_PATHS = "\"PAT/Preview Content\"";
				DEVELOPMENT_TEAM = 77XTYTT5VT;
				ENABLE_PREVIEWS = YES;
				GENERATE_INFOPLIST_FILE = YES;
				INFOPLIST_KEY_UIApplicationSceneManifest_Generation = YES;
				INFOPLIST_KEY_UIApplicationSupportsIndirectInputEvents = YES;
				INFOPLIST_KEY_UILaunchScreen_Generation = YES;
				INFOPLIST_KEY_UISupportedInterfaceOrientations_iPad = "UIInterfaceOrientationPortrait UIInterfaceOrientationPortraitUpsideDown UIInterfaceOrientationLandscapeLeft UIInterfaceOrientationLandscapeRight";
				INFOPLIST_KEY_UISupportedInterfaceOrientations_iPhone = "UIInterfaceOrientationPortrait UIInterfaceOrientationLandscapeLeft UIInterfaceOrientationLandscapeRight";
				LD_RUNPATH_SEARCH_PATHS = (
					"$(inherited)",
					"@executable_path/Frameworks",
				);
				MARKETING_VERSION = 1.0;
				PRODUCT_BUNDLE_IDENTIFIER = com.tatsuyakaneko.PAT;
				PRODUCT_NAME = "$(TARGET_NAME)";
				SWIFT_EMIT_LOC_STRINGS = YES;
				SWIFT_VERSION = 5.0;
				TARGETED_DEVICE_FAMILY = "1,2";
			};
			name = Debug;
		};
		23B0AB152CEDE7A0003F8C35 /* Release */ = {
			isa = XCBuildConfiguration;
			buildSettings = {
				ASSETCATALOG_COMPILER_APPICON_NAME = AppIcon;
				ASSETCATALOG_COMPILER_GLOBAL_ACCENT_COLOR_NAME = AccentColor;
				CODE_SIGN_STYLE = Automatic;
				CURRENT_PROJECT_VERSION = 1;
				DEVELOPMENT_ASSET_PATHS = "\"PAT/Preview Content\"";
				DEVELOPMENT_TEAM = 77XTYTT5VT;
				ENABLE_PREVIEWS = YES;
				GENERATE_INFOPLIST_FILE = YES;
				INFOPLIST_KEY_UIApplicationSceneManifest_Generation = YES;
				INFOPLIST_KEY_UIApplicationSupportsIndirectInputEvents = YES;
				INFOPLIST_KEY_UILaunchScreen_Generation = YES;
				INFOPLIST_KEY_UISupportedInterfaceOrientations_iPad = "UIInterfaceOrientationPortrait UIInterfaceOrientationPortraitUpsideDown UIInterfaceOrientationLandscapeLeft UIInterfaceOrientationLandscapeRight";
				INFOPLIST_KEY_UISupportedInterfaceOrientations_iPhone = "UIInterfaceOrientationPortrait UIInterfaceOrientationLandscapeLeft UIInterfaceOrientationLandscapeRight";
				LD_RUNPATH_SEARCH_PATHS = (
					"$(inherited)",
					"@executable_path/Frameworks",
				);
				MARKETING_VERSION = 1.0;
				PRODUCT_BUNDLE_IDENTIFIER = com.tatsuyakaneko.PAT;
				PRODUCT_NAME = "$(TARGET_NAME)";
				SWIFT_EMIT_LOC_STRINGS = YES;
				SWIFT_VERSION = 5.0;
				TARGETED_DEVICE_FAMILY = "1,2";
			};
			name = Release;
		};
/* End XCBuildConfiguration section */

/* Begin XCConfigurationList section */
		23B0AB002CEDE79D003F8C35 /* Build configuration list for PBXProject "PAT" */ = {
			isa = XCConfigurationList;
			buildConfigurations = (
				23B0AB112CEDE7A0003F8C35 /* Debug */,
				23B0AB122CEDE7A0003F8C35 /* Release */,
			);
			defaultConfigurationIsVisible = 0;
			defaultConfigurationName = Release;
		};
		23B0AB132CEDE7A0003F8C35 /* Build configuration list for PBXNativeTarget "PAT" */ = {
			isa = XCConfigurationList;
			buildConfigurations = (
				23B0AB142CEDE7A0003F8C35 /* Debug */,
				23B0AB152CEDE7A0003F8C35 /* Release */,
			);
			defaultConfigurationIsVisible = 0;
			defaultConfigurationName = Release;
		};
/* End XCConfigurationList section */
	};
	rootObject = 23B0AAFD2CEDE79D003F8C35 /* Project object */;
}
